
Microsoft Visual Studio Solution File, Format Version 12.00
# Visual Studio 15
VisualStudioVersion = 15.0.28307.329
MinimumVisualStudioVersion = 10.0.40219.1
Project("{9A19103F-16F7-4668-BE54-9A1E7A4F7556}") = "EBooks", "EBooks\EBooks.csproj", "{7DE8830E-E842-4872-85DF-C102ED93DFD6}"
EndProject
Project("{9A19103F-16F7-4668-BE54-9A1E7A4F7556}") = "BLL_core", "BLL_core\BLL_core.csproj", "{377E3DB8-63A0-452E-BAEF-881DFF1B5D92}"
EndProject
Project("{9A19103F-16F7-4668-BE54-9A1E7A4F7556}") = "DAL-core", "DAL-core\DAL-core.csproj", "{3BB6D26F-5EE9-46EF-9F90-F66E2224DF36}"
EndProject
Global
	GlobalSection(SolutionConfigurationPlatforms) = preSolution
		Debug|Any CPU = Debug|Any CPU
		Release|Any CPU = Release|Any CPU
	EndGlobalSection
	GlobalSection(ProjectConfigurationPlatforms) = postSolution
		{7DE8830E-E842-4872-85DF-C102ED93DFD6}.Debug|Any CPU.ActiveCfg = Debug|Any CPU
		{7DE8830E-E842-4872-85DF-C102ED93DFD6}.Debug|Any CPU.Build.0 = Debug|Any CPU
		{7DE8830E-E842-4872-85DF-C102ED93DFD6}.Release|Any CPU.ActiveCfg = Release|Any CPU
		{7DE8830E-E842-4872-85DF-C102ED93DFD6}.Release|Any CPU.Build.0 = Release|Any CPU
		{377E3DB8-63A0-452E-BAEF-881DFF1B5D92}.Debug|Any CPU.ActiveCfg = Debug|Any CPU
		{377E3DB8-63A0-452E-BAEF-881DFF1B5D92}.Debug|Any CPU.Build.0 = Debug|Any CPU
		{377E3DB8-63A0-452E-BAEF-881DFF1B5D92}.Release|Any CPU.ActiveCfg = Release|Any CPU
		{377E3DB8-63A0-452E-BAEF-881DFF1B5D92}.Release|Any CPU.Build.0 = Release|Any CPU
		{3BB6D26F-5EE9-46EF-9F90-F66E2224DF36}.Debug|Any CPU.ActiveCfg = Debug|Any CPU
		{3BB6D26F-5EE9-46EF-9F90-F66E2224DF36}.Debug|Any CPU.Build.0 = Debug|Any CPU
		{3BB6D26F-5EE9-46EF-9F90-F66E2224DF36}.Release|Any CPU.ActiveCfg = Release|Any CPU
		{3BB6D26F-5EE9-46EF-9F90-F66E2224DF36}.Release|Any CPU.Build.0 = Release|Any CPU
	EndGlobalSection
	GlobalSection(SolutionProperties) = preSolution
		HideSolutionNode = FALSE
	EndGlobalSection
	GlobalSection(ExtensibilityGlobals) = postSolution
		SolutionGuid = {984B3282-A633-4D83-801F-282BD7F5B78A}
	EndGlobalSection
EndGlobal
